// !$*UTF8*$!
{
	archiveVersion = 1;
	classes = {
	};
	objectVersion = 56;
	objects = {

/* Begin PBXBuildFile section */
		4E578EA22A73F9A200DCAA6B /* DetailView.swift in Sources */ = {isa = PBXBuildFile; fileRef = 4E578EA12A73F9A100DCAA6B /* DetailView.swift */; };
		4E7ADE462A72A7DE00070464 /* ScrumsView.swift in Sources */ = {isa = PBXBuildFile; fileRef = 4E7ADE452A72A7DE00070464 /* ScrumsView.swift */; };
		4E8E50C72A6DF022005FEEDA /* ScrumdingerApp.swift in Sources */ = {isa = PBXBuildFile; fileRef = 4E8E50C62A6DF022005FEEDA /* ScrumdingerApp.swift */; };
		4E8E50C92A6DF022005FEEDA /* MeetingView.swift in Sources */ = {isa = PBXBuildFile; fileRef = 4E8E50C82A6DF022005FEEDA /* MeetingView.swift */; };
		4E8E50CB2A6DF024005FEEDA /* Assets.xcassets in Resources */ = {isa = PBXBuildFile; fileRef = 4E8E50CA2A6DF024005FEEDA /* Assets.xcassets */; };
		4E8E50CE2A6DF024005FEEDA /* Preview Assets.xcassets in Resources */ = {isa = PBXBuildFile; fileRef = 4E8E50CD2A6DF024005FEEDA /* Preview Assets.xcassets */; };
		4E8E50D82A6DF025005FEEDA /* ScrumdingerTests.swift in Sources */ = {isa = PBXBuildFile; fileRef = 4E8E50D72A6DF025005FEEDA /* ScrumdingerTests.swift */; };
		4E8E50E22A6DF025005FEEDA /* ScrumdingerUITests.swift in Sources */ = {isa = PBXBuildFile; fileRef = 4E8E50E12A6DF025005FEEDA /* ScrumdingerUITests.swift */; };
		4E8E50E42A6DF025005FEEDA /* ScrumdingerUITestsLaunchTests.swift in Sources */ = {isa = PBXBuildFile; fileRef = 4E8E50E32A6DF025005FEEDA /* ScrumdingerUITestsLaunchTests.swift */; };
		4E8E50F22A701A58005FEEDA /* Theme.swift in Sources */ = {isa = PBXBuildFile; fileRef = 4E8E50F12A701A58005FEEDA /* Theme.swift */; };
		4E8E50F42A701BB2005FEEDA /* DailyScrum.swift in Sources */ = {isa = PBXBuildFile; fileRef = 4E8E50F32A701BB2005FEEDA /* DailyScrum.swift */; };
		4E8E50F62A702717005FEEDA /* CardView.swift in Sources */ = {isa = PBXBuildFile; fileRef = 4E8E50F52A702717005FEEDA /* CardView.swift */; };
		4E8E50F82A703E87005FEEDA /* TrailingIconLabelStyle.swift in Sources */ = {isa = PBXBuildFile; fileRef = 4E8E50F72A703E87005FEEDA /* TrailingIconLabelStyle.swift */; };
/* End PBXBuildFile section */

/* Begin PBXContainerItemProxy section */
		4E8E50D42A6DF025005FEEDA /* PBXContainerItemProxy */ = {
			isa = PBXContainerItemProxy;
			containerPortal = 4E8E50BB2A6DF022005FEEDA /* Project object */;
			proxyType = 1;
			remoteGlobalIDString = 4E8E50C22A6DF022005FEEDA;
			remoteInfo = Scrumdinger;
		};
		4E8E50DE2A6DF025005FEEDA /* PBXContainerItemProxy */ = {
			isa = PBXContainerItemProxy;
			containerPortal = 4E8E50BB2A6DF022005FEEDA /* Project object */;
			proxyType = 1;
			remoteGlobalIDString = 4E8E50C22A6DF022005FEEDA;
			remoteInfo = Scrumdinger;
		};
/* End PBXContainerItemProxy section */

/* Begin PBXFileReference section */
		4E578EA12A73F9A100DCAA6B /* DetailView.swift */ = {isa = PBXFileReference; lastKnownFileType = sourcecode.swift; path = DetailView.swift; sourceTree = "<group>"; };
		4E7ADE452A72A7DE00070464 /* ScrumsView.swift */ = {isa = PBXFileReference; fileEncoding = 4; lastKnownFileType = sourcecode.swift; path = ScrumsView.swift; sourceTree = "<group>"; };
		4E8E50C32A6DF022005FEEDA /* Scrumdinger.app */ = {isa = PBXFileReference; explicitFileType = wrapper.application; includeInIndex = 0; path = Scrumdinger.app; sourceTree = BUILT_PRODUCTS_DIR; };
		4E8E50C62A6DF022005FEEDA /* ScrumdingerApp.swift */ = {isa = PBXFileReference; lastKnownFileType = sourcecode.swift; path = ScrumdingerApp.swift; sourceTree = "<group>"; };
		4E8E50C82A6DF022005FEEDA /* MeetingView.swift */ = {isa = PBXFileReference; lastKnownFileType = sourcecode.swift; path = MeetingView.swift; sourceTree = "<group>"; };
		4E8E50CA2A6DF024005FEEDA /* Assets.xcassets */ = {isa = PBXFileReference; lastKnownFileType = folder.assetcatalog; path = Assets.xcassets; sourceTree = "<group>"; };
		4E8E50CD2A6DF024005FEEDA /* Preview Assets.xcassets */ = {isa = PBXFileReference; lastKnownFileType = folder.assetcatalog; path = "Preview Assets.xcassets"; sourceTree = "<group>"; };
		4E8E50D32A6DF025005FEEDA /* ScrumdingerTests.xctest */ = {isa = PBXFileReference; explicitFileType = wrapper.cfbundle; includeInIndex = 0; path = ScrumdingerTests.xctest; sourceTree = BUILT_PRODUCTS_DIR; };
		4E8E50D72A6DF025005FEEDA /* ScrumdingerTests.swift */ = {isa = PBXFileReference; lastKnownFileType = sourcecode.swift; path = ScrumdingerTests.swift; sourceTree = "<group>"; };
		4E8E50DD2A6DF025005FEEDA /* ScrumdingerUITests.xctest */ = {isa = PBXFileReference; explicitFileType = wrapper.cfbundle; includeInIndex = 0; path = ScrumdingerUITests.xctest; sourceTree = BUILT_PRODUCTS_DIR; };
		4E8E50E12A6DF025005FEEDA /* ScrumdingerUITests.swift */ = {isa = PBXFileReference; lastKnownFileType = sourcecode.swift; path = ScrumdingerUITests.swift; sourceTree = "<group>"; };
		4E8E50E32A6DF025005FEEDA /* ScrumdingerUITestsLaunchTests.swift */ = {isa = PBXFileReference; lastKnownFileType = sourcecode.swift; path = ScrumdingerUITestsLaunchTests.swift; sourceTree = "<group>"; };
		4E8E50F12A701A58005FEEDA /* Theme.swift */ = {isa = PBXFileReference; lastKnownFileType = sourcecode.swift; path = Theme.swift; sourceTree = "<group>"; };
		4E8E50F32A701BB2005FEEDA /* DailyScrum.swift */ = {isa = PBXFileReference; lastKnownFileType = sourcecode.swift; path = DailyScrum.swift; sourceTree = "<group>"; };
		4E8E50F52A702717005FEEDA /* CardView.swift */ = {isa = PBXFileReference; lastKnownFileType = sourcecode.swift; path = CardView.swift; sourceTree = "<group>"; };
		4E8E50F72A703E87005FEEDA /* TrailingIconLabelStyle.swift */ = {isa = PBXFileReference; lastKnownFileType = sourcecode.swift; path = TrailingIconLabelStyle.swift; sourceTree = "<group>"; };
/* End PBXFileReference section */

/* Begin PBXFrameworksBuildPhase section */
		4E8E50C02A6DF022005FEEDA /* Frameworks */ = {
			isa = PBXFrameworksBuildPhase;
			buildActionMask = 2147483647;
			files = (
			);
			runOnlyForDeploymentPostprocessing = 0;
		};
		4E8E50D02A6DF025005FEEDA /* Frameworks */ = {
			isa = PBXFrameworksBuildPhase;
			buildActionMask = 2147483647;
			files = (
			);
			runOnlyForDeploymentPostprocessing = 0;
		};
		4E8E50DA2A6DF025005FEEDA /* Frameworks */ = {
			isa = PBXFrameworksBuildPhase;
			buildActionMask = 2147483647;
			files = (
			);
			runOnlyForDeploymentPostprocessing = 0;
		};
/* End PBXFrameworksBuildPhase section */

/* Begin PBXGroup section */
		4E8E50BA2A6DF022005FEEDA = {
			isa = PBXGroup;
			children = (
				4E8E50C52A6DF022005FEEDA /* Scrumdinger */,
				4E8E50D62A6DF025005FEEDA /* ScrumdingerTests */,
				4E8E50E02A6DF025005FEEDA /* ScrumdingerUITests */,
				4E8E50C42A6DF022005FEEDA /* Products */,
			);
			sourceTree = "<group>";
		};
		4E8E50C42A6DF022005FEEDA /* Products */ = {
			isa = PBXGroup;
			children = (
				4E8E50C32A6DF022005FEEDA /* Scrumdinger.app */,
				4E8E50D32A6DF025005FEEDA /* ScrumdingerTests.xctest */,
				4E8E50DD2A6DF025005FEEDA /* ScrumdingerUITests.xctest */,
			);
			name = Products;
			sourceTree = "<group>";
		};
		4E8E50C52A6DF022005FEEDA /* Scrumdinger */ = {
			isa = PBXGroup;
			children = (
				4E8E50F02A701A2B005FEEDA /* Models */,
				4E8E50C62A6DF022005FEEDA /* ScrumdingerApp.swift */,
				4E7ADE452A72A7DE00070464 /* ScrumsView.swift */,
				4E8E50C82A6DF022005FEEDA /* MeetingView.swift */,
				4E8E50F52A702717005FEEDA /* CardView.swift */,
				4E8E50CA2A6DF024005FEEDA /* Assets.xcassets */,
				4E8E50CC2A6DF024005FEEDA /* Preview Content */,
				4E8E50F72A703E87005FEEDA /* TrailingIconLabelStyle.swift */,
				4E578EA12A73F9A100DCAA6B /* DetailView.swift */,
			);
			path = Scrumdinger;
			sourceTree = "<group>";
		};
		4E8E50CC2A6DF024005FEEDA /* Preview Content */ = {
			isa = PBXGroup;
			children = (
				4E8E50CD2A6DF024005FEEDA /* Preview Assets.xcassets */,
			);
			path = "Preview Content";
			sourceTree = "<group>";
		};
		4E8E50D62A6DF025005FEEDA /* ScrumdingerTests */ = {
			isa = PBXGroup;
			children = (
				4E8E50D72A6DF025005FEEDA /* ScrumdingerTests.swift */,
			);
			path = ScrumdingerTests;
			sourceTree = "<group>";
		};
		4E8E50E02A6DF025005FEEDA /* ScrumdingerUITests */ = {
			isa = PBXGroup;
			children = (
				4E8E50E12A6DF025005FEEDA /* ScrumdingerUITests.swift */,
				4E8E50E32A6DF025005FEEDA /* ScrumdingerUITestsLaunchTests.swift */,
			);
			path = ScrumdingerUITests;
			sourceTree = "<group>";
		};
		4E8E50F02A701A2B005FEEDA /* Models */ = {
			isa = PBXGroup;
			children = (
				4E8E50F12A701A58005FEEDA /* Theme.swift */,
				4E8E50F32A701BB2005FEEDA /* DailyScrum.swift */,
			);
			path = Models;
			sourceTree = "<group>";
		};
/* End PBXGroup section */

/* Begin PBXNativeTarget section */
		4E8E50C22A6DF022005FEEDA /* Scrumdinger */ = {
			isa = PBXNativeTarget;
			buildConfigurationList = 4E8E50E72A6DF025005FEEDA /* Build configuration list for PBXNativeTarget "Scrumdinger" */;
			buildPhases = (
				4E8E50BF2A6DF022005FEEDA /* Sources */,
				4E8E50C02A6DF022005FEEDA /* Frameworks */,
				4E8E50C12A6DF022005FEEDA /* Resources */,
			);
			buildRules = (
			);
			dependencies = (
			);
			name = Scrumdinger;
			productName = Scrumdinger;
			productReference = 4E8E50C32A6DF022005FEEDA /* Scrumdinger.app */;
			productType = "com.apple.product-type.application";
		};
		4E8E50D22A6DF025005FEEDA /* ScrumdingerTests */ = {
			isa = PBXNativeTarget;
			buildConfigurationList = 4E8E50EA2A6DF025005FEEDA /* Build configuration list for PBXNativeTarget "ScrumdingerTests" */;
			buildPhases = (
				4E8E50CF2A6DF025005FEEDA /* Sources */,
				4E8E50D02A6DF025005FEEDA /* Frameworks */,
				4E8E50D12A6DF025005FEEDA /* Resources */,
			);
			buildRules = (
			);
			dependencies = (
				4E8E50D52A6DF025005FEEDA /* PBXTargetDependency */,
			);
			name = ScrumdingerTests;
			productName = ScrumdingerTests;
			productReference = 4E8E50D32A6DF025005FEEDA /* ScrumdingerTests.xctest */;
			productType = "com.apple.product-type.bundle.unit-test";
		};
		4E8E50DC2A6DF025005FEEDA /* ScrumdingerUITests */ = {
			isa = PBXNativeTarget;
			buildConfigurationList = 4E8E50ED2A6DF025005FEEDA /* Build configuration list for PBXNativeTarget "ScrumdingerUITests" */;
			buildPhases = (
				4E8E50D92A6DF025005FEEDA /* Sources */,
				4E8E50DA2A6DF025005FEEDA /* Frameworks */,
				4E8E50DB2A6DF025005FEEDA /* Resources */,
			);
			buildRules = (
			);
			dependencies = (
				4E8E50DF2A6DF025005FEEDA /* PBXTargetDependency */,
			);
			name = ScrumdingerUITests;
			productName = ScrumdingerUITests;
			productReference = 4E8E50DD2A6DF025005FEEDA /* ScrumdingerUITests.xctest */;
			productType = "com.apple.product-type.bundle.ui-testing";
		};
/* End PBXNativeTarget section */

/* Begin PBXProject section */
		4E8E50BB2A6DF022005FEEDA /* Project object */ = {
			isa = PBXProject;
			attributes = {
				BuildIndependentTargetsInParallel = 1;
				LastSwiftUpdateCheck = 1420;
				LastUpgradeCheck = 1420;
				TargetAttributes = {
					4E8E50C22A6DF022005FEEDA = {
						CreatedOnToolsVersion = 14.2;
					};
					4E8E50D22A6DF025005FEEDA = {
						CreatedOnToolsVersion = 14.2;
						TestTargetID = 4E8E50C22A6DF022005FEEDA;
					};
					4E8E50DC2A6DF025005FEEDA = {
						CreatedOnToolsVersion = 14.2;
						TestTargetID = 4E8E50C22A6DF022005FEEDA;
					};
				};
			};
			buildConfigurationList = 4E8E50BE2A6DF022005FEEDA /* Build configuration list for PBXProject "Scrumdinger" */;
			compatibilityVersion = "Xcode 14.0";
			developmentRegion = en;
			hasScannedForEncodings = 0;
			knownRegions = (
				en,
				Base,
			);
			mainGroup = 4E8E50BA2A6DF022005FEEDA;
			productRefGroup = 4E8E50C42A6DF022005FEEDA /* Products */;
			projectDirPath = "";
			projectRoot = "";
			targets = (
				4E8E50C22A6DF022005FEEDA /* Scrumdinger */,
				4E8E50D22A6DF025005FEEDA /* ScrumdingerTests */,
				4E8E50DC2A6DF025005FEEDA /* ScrumdingerUITests */,
			);
		};
/* End PBXProject section */

/* Begin PBXResourcesBuildPhase section */
		4E8E50C12A6DF022005FEEDA /* Resources */ = {
			isa = PBXResourcesBuildPhase;
			buildActionMask = 2147483647;
			files = (
				4E8E50CE2A6DF024005FEEDA /* Preview Assets.xcassets in Resources */,
				4E8E50CB2A6DF024005FEEDA /* Assets.xcassets in Resources */,
			);
			runOnlyForDeploymentPostprocessing = 0;
		};
		4E8E50D12A6DF025005FEEDA /* Resources */ = {
			isa = PBXResourcesBuildPhase;
			buildActionMask = 2147483647;
			files = (
			);
			runOnlyForDeploymentPostprocessing = 0;
		};
		4E8E50DB2A6DF025005FEEDA /* Resources */ = {
			isa = PBXResourcesBuildPhase;
			buildActionMask = 2147483647;
			files = (
			);
			runOnlyForDeploymentPostprocessing = 0;
		};
/* End PBXResourcesBuildPhase section */

/* Begin PBXSourcesBuildPhase section */
		4E8E50BF2A6DF022005FEEDA /* Sources */ = {
			isa = PBXSourcesBuildPhase;
			buildActionMask = 2147483647;
			files = (
				4E8E50F42A701BB2005FEEDA /* DailyScrum.swift in Sources */,
				4E578EA22A73F9A200DCAA6B /* DetailView.swift in Sources */,
				4E8E50F82A703E87005FEEDA /* TrailingIconLabelStyle.swift in Sources */,
				4E8E50F22A701A58005FEEDA /* Theme.swift in Sources */,
				4E7ADE462A72A7DE00070464 /* ScrumsView.swift in Sources */,
				4E8E50C92A6DF022005FEEDA /* MeetingView.swift in Sources */,
				4E8E50C72A6DF022005FEEDA /* ScrumdingerApp.swift in Sources */,
				4E8E50F62A702717005FEEDA /* CardView.swift in Sources */,
			);
			runOnlyForDeploymentPostprocessing = 0;
		};
		4E8E50CF2A6DF025005FEEDA /* Sources */ = {
			isa = PBXSourcesBuildPhase;
			buildActionMask = 2147483647;
			files = (
				4E8E50D82A6DF025005FEEDA /* ScrumdingerTests.swift in Sources */,
			);
			runOnlyForDeploymentPostprocessing = 0;
		};
		4E8E50D92A6DF025005FEEDA /* Sources */ = {
			isa = PBXSourcesBuildPhase;
			buildActionMask = 2147483647;
			files = (
				4E8E50E42A6DF025005FEEDA /* ScrumdingerUITestsLaunchTests.swift in Sources */,
				4E8E50E22A6DF025005FEEDA /* ScrumdingerUITests.swift in Sources */,
			);
			runOnlyForDeploymentPostprocessing = 0;
		};
/* End PBXSourcesBuildPhase section */

/* Begin PBXTargetDependency section */
		4E8E50D52A6DF025005FEEDA /* PBXTargetDependency */ = {
			isa = PBXTargetDependency;
			target = 4E8E50C22A6DF022005FEEDA /* Scrumdinger */;
			targetProxy = 4E8E50D42A6DF025005FEEDA /* PBXContainerItemProxy */;
		};
		4E8E50DF2A6DF025005FEEDA /* PBXTargetDependency */ = {
			isa = PBXTargetDependency;
			target = 4E8E50C22A6DF022005FEEDA /* Scrumdinger */;
			targetProxy = 4E8E50DE2A6DF025005FEEDA /* PBXContainerItemProxy */;
		};
/* End PBXTargetDependency section */

/* Begin XCBuildConfiguration section */
		4E8E50E52A6DF025005FEEDA /* Debug */ = {
			isa = XCBuildConfiguration;
			buildSettings = {
				ALWAYS_SEARCH_USER_PATHS = NO;
				CLANG_ANALYZER_NONNULL = YES;
				CLANG_ANALYZER_NUMBER_OBJECT_CONVERSION = YES_AGGRESSIVE;
				CLANG_CXX_LANGUAGE_STANDARD = "gnu++20";
				CLANG_ENABLE_MODULES = YES;
				CLANG_ENABLE_OBJC_ARC = YES;
				CLANG_ENABLE_OBJC_WEAK = YES;
				CLANG_WARN_BLOCK_CAPTURE_AUTORELEASING = YES;
				CLANG_WARN_BOOL_CONVERSION = YES;
				CLANG_WARN_COMMA = YES;
				CLANG_WARN_CONSTANT_CONVERSION = YES;
				CLANG_WARN_DEPRECATED_OBJC_IMPLEMENTATIONS = YES;
				CLANG_WARN_DIRECT_OBJC_ISA_USAGE = YES_ERROR;
				CLANG_WARN_DOCUMENTATION_COMMENTS = YES;
				CLANG_WARN_EMPTY_BODY = YES;
				CLANG_WARN_ENUM_CONVERSION = YES;
				CLANG_WARN_INFINITE_RECURSION = YES;
				CLANG_WARN_INT_CONVERSION = YES;
				CLANG_WARN_NON_LITERAL_NULL_CONVERSION = YES;
				CLANG_WARN_OBJC_IMPLICIT_RETAIN_SELF = YES;
				CLANG_WARN_OBJC_LITERAL_CONVERSION = YES;
				CLANG_WARN_OBJC_ROOT_CLASS = YES_ERROR;
				CLANG_WARN_QUOTED_INCLUDE_IN_FRAMEWORK_HEADER = YES;
				CLANG_WARN_RANGE_LOOP_ANALYSIS = YES;
				CLANG_WARN_STRICT_PROTOTYPES = YES;
				CLANG_WARN_SUSPICIOUS_MOVE = YES;
				CLANG_WARN_UNGUARDED_AVAILABILITY = YES_AGGRESSIVE;
				CLANG_WARN_UNREACHABLE_CODE = YES;
				CLANG_WARN__DUPLICATE_METHOD_MATCH = YES;
				COPY_PHASE_STRIP = NO;
				DEBUG_INFORMATION_FORMAT = dwarf;
				ENABLE_STRICT_OBJC_MSGSEND = YES;
				ENABLE_TESTABILITY = YES;
				GCC_C_LANGUAGE_STANDARD = gnu11;
				GCC_DYNAMIC_NO_PIC = NO;
				GCC_NO_COMMON_BLOCKS = YES;
				GCC_OPTIMIZATION_LEVEL = 0;
				GCC_PREPROCESSOR_DEFINITIONS = (
					"DEBUG=1",
					"$(inherited)",
				);
				GCC_WARN_64_TO_32_BIT_CONVERSION = YES;
				GCC_WARN_ABOUT_RETURN_TYPE = YES_ERROR;
				GCC_WARN_UNDECLARED_SELECTOR = YES;
				GCC_WARN_UNINITIALIZED_AUTOS = YES_AGGRESSIVE;
				GCC_WARN_UNUSED_FUNCTION = YES;
				GCC_WARN_UNUSED_VARIABLE = YES;
				IPHONEOS_DEPLOYMENT_TARGET = 16.2;
				MTL_ENABLE_DEBUG_INFO = INCLUDE_SOURCE;
				MTL_FAST_MATH = YES;
				ONLY_ACTIVE_ARCH = YES;
				SDKROOT = iphoneos;
				SWIFT_ACTIVE_COMPILATION_CONDITIONS = DEBUG;
				SWIFT_OPTIMIZATION_LEVEL = "-Onone";
			};
			name = Debug;
		};
		4E8E50E62A6DF025005FEEDA /* Release */ = {
			isa = XCBuildConfiguration;
			buildSettings = {
				ALWAYS_SEARCH_USER_PATHS = NO;
				CLANG_ANALYZER_NONNULL = YES;
				CLANG_ANALYZER_NUMBER_OBJECT_CONVERSION = YES_AGGRESSIVE;
				CLANG_CXX_LANGUAGE_STANDARD = "gnu++20";
				CLANG_ENABLE_MODULES = YES;
				CLANG_ENABLE_OBJC_ARC = YES;
				CLANG_ENABLE_OBJC_WEAK = YES;
				CLANG_WARN_BLOCK_CAPTURE_AUTORELEASING = YES;
				CLANG_WARN_BOOL_CONVERSION = YES;
				CLANG_WARN_COMMA = YES;
				CLANG_WARN_CONSTANT_CONVERSION = YES;
				CLANG_WARN_DEPRECATED_OBJC_IMPLEMENTATIONS = YES;
				CLANG_WARN_DIRECT_OBJC_ISA_USAGE = YES_ERROR;
				CLANG_WARN_DOCUMENTATION_COMMENTS = YES;
				CLANG_WARN_EMPTY_BODY = YES;
				CLANG_WARN_ENUM_CONVERSION = YES;
				CLANG_WARN_INFINITE_RECURSION = YES;
				CLANG_WARN_INT_CONVERSION = YES;
				CLANG_WARN_NON_LITERAL_NULL_CONVERSION = YES;
				CLANG_WARN_OBJC_IMPLICIT_RETAIN_SELF = YES;
				CLANG_WARN_OBJC_LITERAL_CONVERSION = YES;
				CLANG_WARN_OBJC_ROOT_CLASS = YES_ERROR;
				CLANG_WARN_QUOTED_INCLUDE_IN_FRAMEWORK_HEADER = YES;
				CLANG_WARN_RANGE_LOOP_ANALYSIS = YES;
				CLANG_WARN_STRICT_PROTOTYPES = YES;
				CLANG_WARN_SUSPICIOUS_MOVE = YES;
				CLANG_WARN_UNGUARDED_AVAILABILITY = YES_AGGRESSIVE;
				CLANG_WARN_UNREACHABLE_CODE = YES;
				CLANG_WARN__DUPLICATE_METHOD_MATCH = YES;
				COPY_PHASE_STRIP = NO;
				DEBUG_INFORMATION_FORMAT = "dwarf-with-dsym";
				ENABLE_NS_ASSERTIONS = NO;
				ENABLE_STRICT_OBJC_MSGSEND = YES;
				GCC_C_LANGUAGE_STANDARD = gnu11;
				GCC_NO_COMMON_BLOCKS = YES;
				GCC_WARN_64_TO_32_BIT_CONVERSION = YES;
				GCC_WARN_ABOUT_RETURN_TYPE = YES_ERROR;
				GCC_WARN_UNDECLARED_SELECTOR = YES;
				GCC_WARN_UNINITIALIZED_AUTOS = YES_AGGRESSIVE;
				GCC_WARN_UNUSED_FUNCTION = YES;
				GCC_WARN_UNUSED_VARIABLE = YES;
				IPHONEOS_DEPLOYMENT_TARGET = 16.2;
				MTL_ENABLE_DEBUG_INFO = NO;
				MTL_FAST_MATH = YES;
				SDKROOT = iphoneos;
				SWIFT_COMPILATION_MODE = wholemodule;
				SWIFT_OPTIMIZATION_LEVEL = "-O";
				VALIDATE_PRODUCT = YES;
			};
			name = Release;
		};
		4E8E50E82A6DF025005FEEDA /* Debug */ = {
			isa = XCBuildConfiguration;
			buildSettings = {
				ASSETCATALOG_COMPILER_APPICON_NAME = AppIcon;
				ASSETCATALOG_COMPILER_GLOBAL_ACCENT_COLOR_NAME = AccentColor;
				CODE_SIGN_STYLE = Automatic;
				CURRENT_PROJECT_VERSION = 1;
				DEVELOPMENT_ASSET_PATHS = "\"Scrumdinger/Preview Content\"";
				ENABLE_PREVIEWS = YES;
				GENERATE_INFOPLIST_FILE = YES;
				INFOPLIST_KEY_UIApplicationSceneManifest_Generation = YES;
				INFOPLIST_KEY_UIApplicationSupportsIndirectInputEvents = YES;
				INFOPLIST_KEY_UILaunchScreen_Generation = YES;
				INFOPLIST_KEY_UISupportedInterfaceOrientations_iPad = "UIInterfaceOrientationPortrait UIInterfaceOrientationPortraitUpsideDown UIInterfaceOrientationLandscapeLeft UIInterfaceOrientationLandscapeRight";
				INFOPLIST_KEY_UISupportedInterfaceOrientations_iPhone = "UIInterfaceOrientationPortrait UIInterfaceOrientationLandscapeLeft UIInterfaceOrientationLandscapeRight";
				LD_RUNPATH_SEARCH_PATHS = (
					"$(inherited)",
					"@executable_path/Frameworks",
				);
				MARKETING_VERSION = 1.0;
				PRODUCT_BUNDLE_IDENTIFIER = thisisibukunoluwa.Scrumdinger;
				PRODUCT_NAME = "$(TARGET_NAME)";
				SWIFT_EMIT_LOC_STRINGS = YES;
				SWIFT_VERSION = 5.0;
				TARGETED_DEVICE_FAMILY = "1,2";
			};
			name = Debug;
		};
		4E8E50E92A6DF025005FEEDA /* Release */ = {
			isa = XCBuildConfiguration;
			buildSettings = {
				ASSETCATALOG_COMPILER_APPICON_NAME = AppIcon;
				ASSETCATALOG_COMPILER_GLOBAL_ACCENT_COLOR_NAME = AccentColor;
				CODE_SIGN_STYLE = Automatic;
				CURRENT_PROJECT_VERSION = 1;
				DEVELOPMENT_ASSET_PATHS = "\"Scrumdinger/Preview Content\"";
				ENABLE_PREVIEWS = YES;
				GENERATE_INFOPLIST_FILE = YES;
				INFOPLIST_KEY_UIApplicationSceneManifest_Generation = YES;
				INFOPLIST_KEY_UIApplicationSupportsIndirectInputEvents = YES;
				INFOPLIST_KEY_UILaunchScreen_Generation = YES;
				INFOPLIST_KEY_UISupportedInterfaceOrientations_iPad = "UIInterfaceOrientationPortrait UIInterfaceOrientationPortraitUpsideDown UIInterfaceOrientationLandscapeLeft UIInterfaceOrientationLandscapeRight";
				INFOPLIST_KEY_UISupportedInterfaceOrientations_iPhone = "UIInterfaceOrientationPortrait UIInterfaceOrientationLandscapeLeft UIInterfaceOrientationLandscapeRight";
				LD_RUNPATH_SEARCH_PATHS = (
					"$(inherited)",
					"@executable_path/Frameworks",
				);
				MARKETING_VERSION = 1.0;
				PRODUCT_BUNDLE_IDENTIFIER = thisisibukunoluwa.Scrumdinger;
				PRODUCT_NAME = "$(TARGET_NAME)";
				SWIFT_EMIT_LOC_STRINGS = YES;
				SWIFT_VERSION = 5.0;
				TARGETED_DEVICE_FAMILY = "1,2";
			};
			name = Release;
		};
		4E8E50EB2A6DF025005FEEDA /* Debug */ = {
			isa = XCBuildConfiguration;
			buildSettings = {
				ALWAYS_EMBED_SWIFT_STANDARD_LIBRARIES = YES;
				BUNDLE_LOADER = "$(TEST_HOST)";
				CODE_SIGN_STYLE = Automatic;
				CURRENT_PROJECT_VERSION = 1;
				GENERATE_INFOPLIST_FILE = YES;
				IPHONEOS_DEPLOYMENT_TARGET = 16.2;
				MARKETING_VERSION = 1.0;
				PRODUCT_BUNDLE_IDENTIFIER = thisisibukunoluwa.ScrumdingerTests;
				PRODUCT_NAME = "$(TARGET_NAME)";
				SWIFT_EMIT_LOC_STRINGS = NO;
				SWIFT_VERSION = 5.0;
				TARGETED_DEVICE_FAMILY = "1,2";
				TEST_HOST = "$(BUILT_PRODUCTS_DIR)/Scrumdinger.app/$(BUNDLE_EXECUTABLE_FOLDER_PATH)/Scrumdinger";
			};
			name = Debug;
		};
		4E8E50EC2A6DF025005FEEDA /* Release */ = {
			isa = XCBuildConfiguration;
			buildSettings = {
				ALWAYS_EMBED_SWIFT_STANDARD_LIBRARIES = YES;
				BUNDLE_LOADER = "$(TEST_HOST)";
				CODE_SIGN_STYLE = Automatic;
				CURRENT_PROJECT_VERSION = 1;
				GENERATE_INFOPLIST_FILE = YES;
				IPHONEOS_DEPLOYMENT_TARGET = 16.2;
				MARKETING_VERSION = 1.0;
				PRODUCT_BUNDLE_IDENTIFIER = thisisibukunoluwa.ScrumdingerTests;
				PRODUCT_NAME = "$(TARGET_NAME)";
				SWIFT_EMIT_LOC_STRINGS = NO;
				SWIFT_VERSION = 5.0;
				TARGETED_DEVICE_FAMILY = "1,2";
				TEST_HOST = "$(BUILT_PRODUCTS_DIR)/Scrumdinger.app/$(BUNDLE_EXECUTABLE_FOLDER_PATH)/Scrumdinger";
			};
			name = Release;
		};
		4E8E50EE2A6DF025005FEEDA /* Debug */ = {
			isa = XCBuildConfiguration;
			buildSettings = {
				ALWAYS_EMBED_SWIFT_STANDARD_LIBRARIES = YES;
				CODE_SIGN_STYLE = Automatic;
				CURRENT_PROJECT_VERSION = 1;
				GENERATE_INFOPLIST_FILE = YES;
				MARKETING_VERSION = 1.0;
				PRODUCT_BUNDLE_IDENTIFIER = thisisibukunoluwa.ScrumdingerUITests;
				PRODUCT_NAME = "$(TARGET_NAME)";
				SWIFT_EMIT_LOC_STRINGS = NO;
				SWIFT_VERSION = 5.0;
				TARGETED_DEVICE_FAMILY = "1,2";
				TEST_TARGET_NAME = Scrumdinger;
			};
			name = Debug;
		};
		4E8E50EF2A6DF025005FEEDA /* Release */ = {
			isa = XCBuildConfiguration;
			buildSettings = {
				ALWAYS_EMBED_SWIFT_STANDARD_LIBRARIES = YES;
				CODE_SIGN_STYLE = Automatic;
				CURRENT_PROJECT_VERSION = 1;
				GENERATE_INFOPLIST_FILE = YES;
				MARKETING_VERSION = 1.0;
				PRODUCT_BUNDLE_IDENTIFIER = thisisibukunoluwa.ScrumdingerUITests;
				PRODUCT_NAME = "$(TARGET_NAME)";
				SWIFT_EMIT_LOC_STRINGS = NO;
				SWIFT_VERSION = 5.0;
				TARGETED_DEVICE_FAMILY = "1,2";
				TEST_TARGET_NAME = Scrumdinger;
			};
			name = Release;
		};
/* End XCBuildConfiguration section */

/* Begin XCConfigurationList section */
		4E8E50BE2A6DF022005FEEDA /* Build configuration list for PBXProject "Scrumdinger" */ = {
			isa = XCConfigurationList;
			buildConfigurations = (
				4E8E50E52A6DF025005FEEDA /* Debug */,
				4E8E50E62A6DF025005FEEDA /* Release */,
			);
			defaultConfigurationIsVisible = 0;
			defaultConfigurationName = Release;
		};
		4E8E50E72A6DF025005FEEDA /* Build configuration list for PBXNativeTarget "Scrumdinger" */ = {
			isa = XCConfigurationList;
			buildConfigurations = (
				4E8E50E82A6DF025005FEEDA /* Debug */,
				4E8E50E92A6DF025005FEEDA /* Release */,
			);
			defaultConfigurationIsVisible = 0;
			defaultConfigurationName = Release;
		};
		4E8E50EA2A6DF025005FEEDA /* Build configuration list for PBXNativeTarget "ScrumdingerTests" */ = {
			isa = XCConfigurationList;
			buildConfigurations = (
				4E8E50EB2A6DF025005FEEDA /* Debug */,
				4E8E50EC2A6DF025005FEEDA /* Release */,
			);
			defaultConfigurationIsVisible = 0;
			defaultConfigurationName = Release;
		};
		4E8E50ED2A6DF025005FEEDA /* Build configuration list for PBXNativeTarget "ScrumdingerUITests" */ = {
			isa = XCConfigurationList;
			buildConfigurations = (
				4E8E50EE2A6DF025005FEEDA /* Debug */,
				4E8E50EF2A6DF025005FEEDA /* Release */,
			);
			defaultConfigurationIsVisible = 0;
			defaultConfigurationName = Release;
		};
/* End XCConfigurationList section */
	};
	rootObject = 4E8E50BB2A6DF022005FEEDA /* Project object */;
}
